
Microsoft Visual Studio Solution File, Format Version 12.00
# Visual Studio Version 17
VisualStudioVersion = 17.5.002.0
MinimumVisualStudioVersion = 10.0.40219.1
Project("{9A19103F-16F7-4668-BE54-9A1E7A4F7556}") = "primerProyecto", "primerProyecto.csproj", "{707AA446-E1A1-4827-A1C3-72F064DFBADB}"
EndProject
Project("{FAE04EC0-301F-11D3-BF4B-00C04F79EFBC}") = "SGE.Aplicacion", "SGE.Aplicacion\SGE.Aplicacion.csproj", "{3CB2D1FA-77F1-4D71-B622-144F32B143E9}"
EndProject
Project("{FAE04EC0-301F-11D3-BF4B-00C04F79EFBC}") = "SGE.Repositorios", "SGE.Repositorios\SGE.Repositorios.csproj", "{AB340DAA-CF04-4C17-90B4-39D4B0BE64F9}"
EndProject
Project("{FAE04EC0-301F-11D3-BF4B-00C04F79EFBC}") = "SGE.Consola", "SGE.Consola\SGE.Consola.csproj", "{066657B0-D8B0-4D38-A600-D12A140A94E5}"
EndProject
Global
	GlobalSection(SolutionConfigurationPlatforms) = preSolution
		Debug|Any CPU = Debug|Any CPU
		Release|Any CPU = Release|Any CPU
	EndGlobalSection
	GlobalSection(ProjectConfigurationPlatforms) = postSolution
		{707AA446-E1A1-4827-A1C3-72F064DFBADB}.Debug|Any CPU.ActiveCfg = Debug|Any CPU
		{707AA446-E1A1-4827-A1C3-72F064DFBADB}.Debug|Any CPU.Build.0 = Debug|Any CPU
		{707AA446-E1A1-4827-A1C3-72F064DFBADB}.Release|Any CPU.ActiveCfg = Release|Any CPU
		{707AA446-E1A1-4827-A1C3-72F064DFBADB}.Release|Any CPU.Build.0 = Release|Any CPU
		{3CB2D1FA-77F1-4D71-B622-144F32B143E9}.Debug|Any CPU.ActiveCfg = Debug|Any CPU
		{3CB2D1FA-77F1-4D71-B622-144F32B143E9}.Debug|Any CPU.Build.0 = Debug|Any CPU
		{3CB2D1FA-77F1-4D71-B622-144F32B143E9}.Release|Any CPU.ActiveCfg = Release|Any CPU
		{3CB2D1FA-77F1-4D71-B622-144F32B143E9}.Release|Any CPU.Build.0 = Release|Any CPU
		{AB340DAA-CF04-4C17-90B4-39D4B0BE64F9}.Debug|Any CPU.ActiveCfg = Debug|Any CPU
		{AB340DAA-CF04-4C17-90B4-39D4B0BE64F9}.Debug|Any CPU.Build.0 = Debug|Any CPU
		{AB340DAA-CF04-4C17-90B4-39D4B0BE64F9}.Release|Any CPU.ActiveCfg = Release|Any CPU
		{AB340DAA-CF04-4C17-90B4-39D4B0BE64F9}.Release|Any CPU.Build.0 = Release|Any CPU
		{066657B0-D8B0-4D38-A600-D12A140A94E5}.Debug|Any CPU.ActiveCfg = Debug|Any CPU
		{066657B0-D8B0-4D38-A600-D12A140A94E5}.Debug|Any CPU.Build.0 = Debug|Any CPU
		{066657B0-D8B0-4D38-A600-D12A140A94E5}.Release|Any CPU.ActiveCfg = Release|Any CPU
		{066657B0-D8B0-4D38-A600-D12A140A94E5}.Release|Any CPU.Build.0 = Release|Any CPU
	EndGlobalSection
	GlobalSection(SolutionProperties) = preSolution
		HideSolutionNode = FALSE
	EndGlobalSection
	GlobalSection(ExtensibilityGlobals) = postSolution
		SolutionGuid = {56E4E949-5F75-4567-8610-BE395178562D}
	EndGlobalSection
EndGlobal
